github.com/elastic/go-elasticsearch v0.0.0 h1:Pd5fqOuBxKxv83b0+xOAJDAkziWYwFinWnBO0y+TZaA=
github.com/elastic/go-elasticsearch/v7 v7.14.0 h1:extp3jos/rwJn3J+lgbaGlwAgs0TVsIHme00GyNAyX4=
github.com/elastic/go-elasticsearch/v7 v7.14.0/go.mod h1:OJ4wdbtDNk5g503kvlHLyErCgQwwzmDtaFC4XyOxXA4=
github.com/robfig/cron v1.2.0/go.mod h1:JGuDeoQd7Z6yL4zQhZ3OPEVHB7fL6Ka6skscFHfmt2k=
github.com/takama/daemon v1.0.0 h1:XS3VLnFKmqw2Z7fQ/dHRarrVjdir9G3z7BEP8osjizQ=
github.com/takama/daemon v1.0.0/go.mod h1:gKlhcjbqtBODg5v9H1nj5dU1a2j2GemtuWSNLD5rxOE=
golang.org/x/sys v0.0.0-20200722175500-76b94024e4b6/go.mod h1:h1NjWce9XRLGQEsW7wpKNCjG9DtNlClVuFLEZdDNbEs=
